# This file is autogenerated, do not edit; changes may be undone by the next 'dep ensure'.


[[projects]]
  name = "github.com/joho/godotenv"
  packages = ["."]
  revision = "23d116af351c84513e1946b527c88823e476be13"
  version = "v1.3.0"

[[projects]]
  branch = "master"
  name = "github.com/pquerna/ffjson"
  packages = ["ffjson","fflib/v1","fflib/v1/internal"]
  revision = "e517b90714f7c0eabe6d2e570a5886ae077d6db6"

[[projects]]
  name = "github.com/rafaeltokyo/stratum-sdk-go"
  packages = ["stratumclient","stratumsdk"]
  revision = "cd44207565a6270d7f2fad8811921bfd9eec2372"
  version = "0.8.2"

[solve-meta]
  analyzer-name = "dep"
  analyzer-version = 1
  inputs-digest = "dc55d2d238d207014906a04f36408362cd673100d9a9707cce0c0b9ecd0c0cec"
  solver-name = "gps-cdcl"
  solver-version = 1
