# This file is autogenerated, do not edit; changes may be undone by the next 'dep ensure'.


[[projects]]
  name = "github.com/joho/godotenv"
  packages = ["."]
  revision = "23d116af351c84513e1946b527c88823e476be13"
  version = "v1.3.0"

[[projects]]
  branch = "master"
  name = "github.com/pquerna/ffjson"
  packages = ["ffjson","fflib/v1","fflib/v1/internal"]
  revision = "e517b90714f7c0eabe6d2e570a5886ae077d6db6"

[[projects]]
  name = "github.com/rafaeltokyo/stratum-sdk-go"
  packages = ["stratumclient","stratumsdk"]
  revision = "3aaf57b4376bec761371c313a1b659b79b5c5ee2"
  version = "0.8.0"

[solve-meta]
  analyzer-name = "dep"
  analyzer-version = 1
  inputs-digest = "5b9275decf809c63ba7652ec682f20b0c14b369d00a878d3341b3260ff8de963"
  solver-name = "gps-cdcl"
  solver-version = 1
